
Microsoft Visual Studio Solution File, Format Version 12.00
Project("{FAE04EC0-301F-11D3-BF4B-00C04F79EFBC}") = "siwe-sharp", "siwe-sharp\siwe-sharp.csproj", "{810840B3-0317-4FAE-A149-CE5B693CFC3B}"
EndProject
Project("{FAE04EC0-301F-11D3-BF4B-00C04F79EFBC}") = "siwe-sharp-nethereum", "siwe-sharp-nethereum\siwe-sharp-nethereum.csproj", "{8C90E4EA-12EF-4FB7-B207-369CA67E5FBA}"
EndProject
Global
	GlobalSection(SolutionConfigurationPlatforms) = preSolution
		Debug|Any CPU = Debug|Any CPU
		Release|Any CPU = Release|Any CPU
	EndGlobalSection
	GlobalSection(ProjectConfigurationPlatforms) = postSolution
		{810840B3-0317-4FAE-A149-CE5B693CFC3B}.Debug|Any CPU.ActiveCfg = Debug|Any CPU
		{810840B3-0317-4FAE-A149-CE5B693CFC3B}.Debug|Any CPU.Build.0 = Debug|Any CPU
		{810840B3-0317-4FAE-A149-CE5B693CFC3B}.Release|Any CPU.ActiveCfg = Release|Any CPU
		{810840B3-0317-4FAE-A149-CE5B693CFC3B}.Release|Any CPU.Build.0 = Release|Any CPU
		{8C90E4EA-12EF-4FB7-B207-369CA67E5FBA}.Debug|Any CPU.ActiveCfg = Debug|Any CPU
		{8C90E4EA-12EF-4FB7-B207-369CA67E5FBA}.Debug|Any CPU.Build.0 = Debug|Any CPU
		{8C90E4EA-12EF-4FB7-B207-369CA67E5FBA}.Release|Any CPU.ActiveCfg = Release|Any CPU
		{8C90E4EA-12EF-4FB7-B207-369CA67E5FBA}.Release|Any CPU.Build.0 = Release|Any CPU
	EndGlobalSection
EndGlobal
